
Microsoft Visual Studio Solution File, Format Version 12.00
# Visual Studio 14
VisualStudioVersion = 14.0.23107.0
MinimumVisualStudioVersion = 10.0.40219.1
Project("{FAE04EC0-301F-11D3-BF4B-00C04F79EFBC}") = "DHSignalSol", "FormMain\DHSignalSol.csproj", "{3B047785-64D0-4DCD-9E9E-391E8A2742A5}"
EndProject
Project("{FAE04EC0-301F-11D3-BF4B-00C04F79EFBC}") = "SignalTrack", "..\..\..\signalTrack\project\Signal\FormMain\SignalTrack.csproj", "{E36D109C-4085-455A-B240-3B72C3A0EC07}"
EndProject
Project("{FAE04EC0-301F-11D3-BF4B-00C04F79EFBC}") = "SignalStatus", "SignalStatus\SignalStatus.csproj", "{07107B44-F8AA-40DA-A772-23327A535832}"
EndProject
Global
	GlobalSection(SolutionConfigurationPlatforms) = preSolution
		Debug|Any CPU = Debug|Any CPU
		Release|Any CPU = Release|Any CPU
	EndGlobalSection
	GlobalSection(ProjectConfigurationPlatforms) = postSolution
		{3B047785-64D0-4DCD-9E9E-391E8A2742A5}.Debug|Any CPU.ActiveCfg = Debug|Any CPU
		{3B047785-64D0-4DCD-9E9E-391E8A2742A5}.Debug|Any CPU.Build.0 = Debug|Any CPU
		{3B047785-64D0-4DCD-9E9E-391E8A2742A5}.Release|Any CPU.ActiveCfg = Release|Any CPU
		{3B047785-64D0-4DCD-9E9E-391E8A2742A5}.Release|Any CPU.Build.0 = Release|Any CPU
		{E36D109C-4085-455A-B240-3B72C3A0EC07}.Debug|Any CPU.ActiveCfg = Debug|Any CPU
		{E36D109C-4085-455A-B240-3B72C3A0EC07}.Debug|Any CPU.Build.0 = Debug|Any CPU
		{E36D109C-4085-455A-B240-3B72C3A0EC07}.Release|Any CPU.ActiveCfg = Release|Any CPU
		{E36D109C-4085-455A-B240-3B72C3A0EC07}.Release|Any CPU.Build.0 = Release|Any CPU
		{07107B44-F8AA-40DA-A772-23327A535832}.Debug|Any CPU.ActiveCfg = Debug|Any CPU
		{07107B44-F8AA-40DA-A772-23327A535832}.Debug|Any CPU.Build.0 = Debug|Any CPU
		{07107B44-F8AA-40DA-A772-23327A535832}.Release|Any CPU.ActiveCfg = Release|Any CPU
		{07107B44-F8AA-40DA-A772-23327A535832}.Release|Any CPU.Build.0 = Release|Any CPU
	EndGlobalSection
	GlobalSection(SolutionProperties) = preSolution
		HideSolutionNode = FALSE
	EndGlobalSection
EndGlobal
